
Microsoft Visual Studio Solution File, Format Version 12.00
# Visual Studio Version 16
VisualStudioVersion = 16.0.28917.181
MinimumVisualStudioVersion = 10.0.40219.1
Project("{FAE04EC0-301F-11D3-BF4B-00C04F79EFBC}") = "TestML", "TestML.csproj", "{FE546B84-B83B-46BF-93CA-B99AFF8F7532}"
EndProject
Project("{9A19103F-16F7-4668-BE54-9A1E7A4F7556}") = "TestMLML.Model", "TestMLML.Model\TestMLML.Model.csproj", "{38C6FE70-67D3-4AB7-9998-1CB8D1B4D2AF}"
EndProject
Project("{9A19103F-16F7-4668-BE54-9A1E7A4F7556}") = "TestMLML.ConsoleApp", "TestMLML.ConsoleApp\TestMLML.ConsoleApp.csproj", "{9CB4BF3B-D79F-4AFA-A95F-8AE12F838C86}"
EndProject
Global
	GlobalSection(SolutionConfigurationPlatforms) = preSolution
		Debug|Any CPU = Debug|Any CPU
		Release|Any CPU = Release|Any CPU
	EndGlobalSection
	GlobalSection(ProjectConfigurationPlatforms) = postSolution
		{FE546B84-B83B-46BF-93CA-B99AFF8F7532}.Debug|Any CPU.ActiveCfg = Debug|Any CPU
		{FE546B84-B83B-46BF-93CA-B99AFF8F7532}.Debug|Any CPU.Build.0 = Debug|Any CPU
		{FE546B84-B83B-46BF-93CA-B99AFF8F7532}.Release|Any CPU.ActiveCfg = Release|Any CPU
		{FE546B84-B83B-46BF-93CA-B99AFF8F7532}.Release|Any CPU.Build.0 = Release|Any CPU
		{38C6FE70-67D3-4AB7-9998-1CB8D1B4D2AF}.Debug|Any CPU.ActiveCfg = Debug|Any CPU
		{38C6FE70-67D3-4AB7-9998-1CB8D1B4D2AF}.Debug|Any CPU.Build.0 = Debug|Any CPU
		{38C6FE70-67D3-4AB7-9998-1CB8D1B4D2AF}.Release|Any CPU.ActiveCfg = Release|Any CPU
		{38C6FE70-67D3-4AB7-9998-1CB8D1B4D2AF}.Release|Any CPU.Build.0 = Release|Any CPU
		{9CB4BF3B-D79F-4AFA-A95F-8AE12F838C86}.Debug|Any CPU.ActiveCfg = Debug|Any CPU
		{9CB4BF3B-D79F-4AFA-A95F-8AE12F838C86}.Debug|Any CPU.Build.0 = Debug|Any CPU
		{9CB4BF3B-D79F-4AFA-A95F-8AE12F838C86}.Release|Any CPU.ActiveCfg = Release|Any CPU
		{9CB4BF3B-D79F-4AFA-A95F-8AE12F838C86}.Release|Any CPU.Build.0 = Release|Any CPU
	EndGlobalSection
	GlobalSection(SolutionProperties) = preSolution
		HideSolutionNode = FALSE
	EndGlobalSection
	GlobalSection(ExtensibilityGlobals) = postSolution
		SolutionGuid = {31AD1D0C-D8E3-42FE-9FF6-6DF9F858E214}
	EndGlobalSection
EndGlobal
